// !$*UTF8*$!
{
	archiveVersion = 1;
	classes = {
	};
	objectVersion = 52;
	objects = {

/* Begin PBXBuildFile section */
		1A5EC37124684B9D00A212E8 /* CreateOrJoinSessionView.swift in Sources */ = {isa = PBXBuildFile; fileRef = 1A5EC37024684B9D00A212E8 /* CreateOrJoinSessionView.swift */; };
		1A5EC37324684BAA00A212E8 /* ConfigureSessionView.swift in Sources */ = {isa = PBXBuildFile; fileRef = 1A5EC37224684BAA00A212E8 /* ConfigureSessionView.swift */; };
		1A5EC37524684BB500A212E8 /* RecordingView.swift in Sources */ = {isa = PBXBuildFile; fileRef = 1A5EC37424684BB500A212E8 /* RecordingView.swift */; };
		1A5EC37724684BC500A212E8 /* UploadAndCompleteSessionView.swift in Sources */ = {isa = PBXBuildFile; fileRef = 1A5EC37624684BC500A212E8 /* UploadAndCompleteSessionView.swift */; };
		1A5EC37A246861C200A212E8 /* PreviewViewController.swift in Sources */ = {isa = PBXBuildFile; fileRef = 1A5EC379246861C200A212E8 /* PreviewViewController.swift */; };
		1A6CB2772466E86E00068E93 /* Extensions.swift in Sources */ = {isa = PBXBuildFile; fileRef = 1A6CB2762466E86E00068E93 /* Extensions.swift */; };
		1A6CB27A24671B0600068E93 /* Alamofire in Frameworks */ = {isa = PBXBuildFile; productRef = 1A6CB27924671B0600068E93 /* Alamofire */; };
		1A98327E246C3A1A00711E56 /* ConductorService.swift in Sources */ = {isa = PBXBuildFile; fileRef = 1A98327D246C3A1A00711E56 /* ConductorService.swift */; };
		1AC26F582464125E003B024B /* AppDelegate.swift in Sources */ = {isa = PBXBuildFile; fileRef = 1AC26F572464125E003B024B /* AppDelegate.swift */; };
		1AC26F5A2464125E003B024B /* SceneDelegate.swift in Sources */ = {isa = PBXBuildFile; fileRef = 1AC26F592464125E003B024B /* SceneDelegate.swift */; };
		1AC26F5C2464125E003B024B /* ContentView.swift in Sources */ = {isa = PBXBuildFile; fileRef = 1AC26F5B2464125E003B024B /* ContentView.swift */; };
		1AC26F5E24641262003B024B /* Assets.xcassets in Resources */ = {isa = PBXBuildFile; fileRef = 1AC26F5D24641262003B024B /* Assets.xcassets */; };
		1AC26F6124641262003B024B /* Preview Assets.xcassets in Resources */ = {isa = PBXBuildFile; fileRef = 1AC26F6024641262003B024B /* Preview Assets.xcassets */; };
		1AC26F6424641262003B024B /* LaunchScreen.storyboard in Resources */ = {isa = PBXBuildFile; fileRef = 1AC26F6224641262003B024B /* LaunchScreen.storyboard */; };
		1ACA8B5D246440C100169882 /* PermissionService.swift in Sources */ = {isa = PBXBuildFile; fileRef = 1ACA8B5C246440C100169882 /* PermissionService.swift */; };
		1ACA8B5F2464420D00169882 /* Source.swift in Sources */ = {isa = PBXBuildFile; fileRef = 1ACA8B5E2464420D00169882 /* Source.swift */; };
		1ACA8B61246445C000169882 /* SourceService.swift in Sources */ = {isa = PBXBuildFile; fileRef = 1ACA8B60246445C000169882 /* SourceService.swift */; };
		1ACA8B63246445CD00169882 /* SessionService.swift in Sources */ = {isa = PBXBuildFile; fileRef = 1ACA8B62246445CD00169882 /* SessionService.swift */; };
		1ACA8B6624646C6A00169882 /* SocketIO in Frameworks */ = {isa = PBXBuildFile; productRef = 1ACA8B6524646C6A00169882 /* SocketIO */; };
		1ACA8B6924646CDB00169882 /* SwiftyRequest in Frameworks */ = {isa = PBXBuildFile; productRef = 1ACA8B6824646CDB00169882 /* SwiftyRequest */; };
		1ACA8B6C246473F100169882 /* Promises in Frameworks */ = {isa = PBXBuildFile; productRef = 1ACA8B6B246473F100169882 /* Promises */; };
/* End PBXBuildFile section */

/* Begin PBXFileReference section */
		1A5EC37024684B9D00A212E8 /* CreateOrJoinSessionView.swift */ = {isa = PBXFileReference; lastKnownFileType = sourcecode.swift; path = CreateOrJoinSessionView.swift; sourceTree = "<group>"; };
		1A5EC37224684BAA00A212E8 /* ConfigureSessionView.swift */ = {isa = PBXFileReference; lastKnownFileType = sourcecode.swift; path = ConfigureSessionView.swift; sourceTree = "<group>"; };
		1A5EC37424684BB500A212E8 /* RecordingView.swift */ = {isa = PBXFileReference; lastKnownFileType = sourcecode.swift; path = RecordingView.swift; sourceTree = "<group>"; };
		1A5EC37624684BC500A212E8 /* UploadAndCompleteSessionView.swift */ = {isa = PBXFileReference; lastKnownFileType = sourcecode.swift; path = UploadAndCompleteSessionView.swift; sourceTree = "<group>"; };
		1A5EC379246861C200A212E8 /* PreviewViewController.swift */ = {isa = PBXFileReference; lastKnownFileType = sourcecode.swift; path = PreviewViewController.swift; sourceTree = "<group>"; };
		1A6CB2762466E86E00068E93 /* Extensions.swift */ = {isa = PBXFileReference; lastKnownFileType = sourcecode.swift; path = Extensions.swift; sourceTree = "<group>"; };
		1A98327D246C3A1A00711E56 /* ConductorService.swift */ = {isa = PBXFileReference; lastKnownFileType = sourcecode.swift; path = ConductorService.swift; sourceTree = "<group>"; };
		1AC26F542464125E003B024B /* avalon.app */ = {isa = PBXFileReference; explicitFileType = wrapper.application; includeInIndex = 0; path = avalon.app; sourceTree = BUILT_PRODUCTS_DIR; };
		1AC26F572464125E003B024B /* AppDelegate.swift */ = {isa = PBXFileReference; lastKnownFileType = sourcecode.swift; path = AppDelegate.swift; sourceTree = "<group>"; };
		1AC26F592464125E003B024B /* SceneDelegate.swift */ = {isa = PBXFileReference; lastKnownFileType = sourcecode.swift; path = SceneDelegate.swift; sourceTree = "<group>"; };
		1AC26F5B2464125E003B024B /* ContentView.swift */ = {isa = PBXFileReference; lastKnownFileType = sourcecode.swift; path = ContentView.swift; sourceTree = "<group>"; };
		1AC26F5D24641262003B024B /* Assets.xcassets */ = {isa = PBXFileReference; lastKnownFileType = folder.assetcatalog; path = Assets.xcassets; sourceTree = "<group>"; };
		1AC26F6024641262003B024B /* Preview Assets.xcassets */ = {isa = PBXFileReference; lastKnownFileType = folder.assetcatalog; path = "Preview Assets.xcassets"; sourceTree = "<group>"; };
		1AC26F6324641262003B024B /* Base */ = {isa = PBXFileReference; lastKnownFileType = file.storyboard; name = Base; path = Base.lproj/LaunchScreen.storyboard; sourceTree = "<group>"; };
		1AC26F6524641262003B024B /* Info.plist */ = {isa = PBXFileReference; lastKnownFileType = text.plist.xml; path = Info.plist; sourceTree = "<group>"; };
		1ACA8B5C246440C100169882 /* PermissionService.swift */ = {isa = PBXFileReference; lastKnownFileType = sourcecode.swift; path = PermissionService.swift; sourceTree = "<group>"; };
		1ACA8B5E2464420D00169882 /* Source.swift */ = {isa = PBXFileReference; lastKnownFileType = sourcecode.swift; path = Source.swift; sourceTree = "<group>"; };
		1ACA8B60246445C000169882 /* SourceService.swift */ = {isa = PBXFileReference; lastKnownFileType = sourcecode.swift; path = SourceService.swift; sourceTree = "<group>"; };
		1ACA8B62246445CD00169882 /* SessionService.swift */ = {isa = PBXFileReference; lastKnownFileType = sourcecode.swift; path = SessionService.swift; sourceTree = "<group>"; };
/* End PBXFileReference section */

/* Begin PBXFrameworksBuildPhase section */
		1AC26F512464125E003B024B /* Frameworks */ = {
			isa = PBXFrameworksBuildPhase;
			buildActionMask = 2147483647;
			files = (
				1ACA8B6924646CDB00169882 /* SwiftyRequest in Frameworks */,
				1A6CB27A24671B0600068E93 /* Alamofire in Frameworks */,
				1ACA8B6624646C6A00169882 /* SocketIO in Frameworks */,
				1ACA8B6C246473F100169882 /* Promises in Frameworks */,
			);
			runOnlyForDeploymentPostprocessing = 0;
		};
/* End PBXFrameworksBuildPhase section */

/* Begin PBXGroup section */
		1A5EC36924684ADA00A212E8 /* Services */ = {
			isa = PBXGroup;
			children = (
				1ACA8B62246445CD00169882 /* SessionService.swift */,
				1ACA8B60246445C000169882 /* SourceService.swift */,
				1ACA8B5C246440C100169882 /* PermissionService.swift */,
				1A98327D246C3A1A00711E56 /* ConductorService.swift */,
			);
			path = Services;
			sourceTree = "<group>";
		};
		1A5EC36A24684AE200A212E8 /* Views */ = {
			isa = PBXGroup;
			children = (
				1A5EC378246853F400A212E8 /* Shared */,
				1A5EC37024684B9D00A212E8 /* CreateOrJoinSessionView.swift */,
				1A5EC37224684BAA00A212E8 /* ConfigureSessionView.swift */,
				1A5EC37424684BB500A212E8 /* RecordingView.swift */,
				1A5EC37624684BC500A212E8 /* UploadAndCompleteSessionView.swift */,
				1A5EC379246861C200A212E8 /* PreviewViewController.swift */,
			);
			path = Views;
			sourceTree = "<group>";
		};
		1A5EC36B24684AF500A212E8 /* Types */ = {
			isa = PBXGroup;
			children = (
				1ACA8B5E2464420D00169882 /* Source.swift */,
				1A6CB2762466E86E00068E93 /* Extensions.swift */,
			);
			path = Types;
			sourceTree = "<group>";
		};
		1A5EC378246853F400A212E8 /* Shared */ = {
			isa = PBXGroup;
			children = (
			);
			path = Shared;
			sourceTree = "<group>";
		};
		1AC26F4B2464125E003B024B = {
			isa = PBXGroup;
			children = (
				1AC26F562464125E003B024B /* avalon */,
				1AC26F552464125E003B024B /* Products */,
			);
			sourceTree = "<group>";
		};
		1AC26F552464125E003B024B /* Products */ = {
			isa = PBXGroup;
			children = (
				1AC26F542464125E003B024B /* avalon.app */,
			);
			name = Products;
			sourceTree = "<group>";
		};
		1AC26F562464125E003B024B /* avalon */ = {
			isa = PBXGroup;
			children = (
				1A5EC36B24684AF500A212E8 /* Types */,
				1A5EC36A24684AE200A212E8 /* Views */,
				1A5EC36924684ADA00A212E8 /* Services */,
				1AC26F572464125E003B024B /* AppDelegate.swift */,
				1AC26F592464125E003B024B /* SceneDelegate.swift */,
				1AC26F5B2464125E003B024B /* ContentView.swift */,
				1AC26F5D24641262003B024B /* Assets.xcassets */,
				1AC26F6224641262003B024B /* LaunchScreen.storyboard */,
				1AC26F6524641262003B024B /* Info.plist */,
				1AC26F5F24641262003B024B /* Preview Content */,
			);
			path = avalon;
			sourceTree = "<group>";
		};
		1AC26F5F24641262003B024B /* Preview Content */ = {
			isa = PBXGroup;
			children = (
				1AC26F6024641262003B024B /* Preview Assets.xcassets */,
			);
			path = "Preview Content";
			sourceTree = "<group>";
		};
/* End PBXGroup section */

/* Begin PBXNativeTarget section */
		1AC26F532464125E003B024B /* avalon */ = {
			isa = PBXNativeTarget;
			buildConfigurationList = 1AC26F6824641262003B024B /* Build configuration list for PBXNativeTarget "avalon" */;
			buildPhases = (
				1AC26F502464125E003B024B /* Sources */,
				1AC26F512464125E003B024B /* Frameworks */,
				1AC26F522464125E003B024B /* Resources */,
			);
			buildRules = (
			);
			dependencies = (
			);
			name = avalon;
			packageProductDependencies = (
				1ACA8B6524646C6A00169882 /* SocketIO */,
				1ACA8B6824646CDB00169882 /* SwiftyRequest */,
				1ACA8B6B246473F100169882 /* Promises */,
				1A6CB27924671B0600068E93 /* Alamofire */,
			);
			productName = avalon;
			productReference = 1AC26F542464125E003B024B /* avalon.app */;
			productType = "com.apple.product-type.application";
		};
/* End PBXNativeTarget section */

/* Begin PBXProject section */
		1AC26F4C2464125E003B024B /* Project object */ = {
			isa = PBXProject;
			attributes = {
				LastSwiftUpdateCheck = 1130;
				LastUpgradeCheck = 1130;
				ORGANIZATIONNAME = "James Williams";
				TargetAttributes = {
					1AC26F532464125E003B024B = {
						CreatedOnToolsVersion = 11.3.1;
					};
				};
			};
			buildConfigurationList = 1AC26F4F2464125E003B024B /* Build configuration list for PBXProject "avalon" */;
			compatibilityVersion = "Xcode 9.3";
			developmentRegion = en;
			hasScannedForEncodings = 0;
			knownRegions = (
				en,
				Base,
			);
			mainGroup = 1AC26F4B2464125E003B024B;
			packageReferences = (
				1ACA8B6424646C6A00169882 /* XCRemoteSwiftPackageReference "socket" */,
				1ACA8B6724646CDB00169882 /* XCRemoteSwiftPackageReference "SwiftyRequest" */,
				1ACA8B6A246473F100169882 /* XCRemoteSwiftPackageReference "promises" */,
				1A6CB27824671B0600068E93 /* XCRemoteSwiftPackageReference "Alamofire" */,
			);
			productRefGroup = 1AC26F552464125E003B024B /* Products */;
			projectDirPath = "";
			projectRoot = "";
			targets = (
				1AC26F532464125E003B024B /* avalon */,
			);
		};
/* End PBXProject section */

/* Begin PBXResourcesBuildPhase section */
		1AC26F522464125E003B024B /* Resources */ = {
			isa = PBXResourcesBuildPhase;
			buildActionMask = 2147483647;
			files = (
				1AC26F6424641262003B024B /* LaunchScreen.storyboard in Resources */,
				1AC26F6124641262003B024B /* Preview Assets.xcassets in Resources */,
				1AC26F5E24641262003B024B /* Assets.xcassets in Resources */,
			);
			runOnlyForDeploymentPostprocessing = 0;
		};
/* End PBXResourcesBuildPhase section */

/* Begin PBXSourcesBuildPhase section */
		1AC26F502464125E003B024B /* Sources */ = {
			isa = PBXSourcesBuildPhase;
			buildActionMask = 2147483647;
			files = (
				1ACA8B5D246440C100169882 /* PermissionService.swift in Sources */,
				1A5EC37724684BC500A212E8 /* UploadAndCompleteSessionView.swift in Sources */,
				1AC26F582464125E003B024B /* AppDelegate.swift in Sources */,
				1A5EC37124684B9D00A212E8 /* CreateOrJoinSessionView.swift in Sources */,
				1ACA8B63246445CD00169882 /* SessionService.swift in Sources */,
				1A6CB2772466E86E00068E93 /* Extensions.swift in Sources */,
				1ACA8B61246445C000169882 /* SourceService.swift in Sources */,
				1A5EC37324684BAA00A212E8 /* ConfigureSessionView.swift in Sources */,
				1A5EC37524684BB500A212E8 /* RecordingView.swift in Sources */,
				1A98327E246C3A1A00711E56 /* ConductorService.swift in Sources */,
				1ACA8B5F2464420D00169882 /* Source.swift in Sources */,
				1AC26F5A2464125E003B024B /* SceneDelegate.swift in Sources */,
				1A5EC37A246861C200A212E8 /* PreviewViewController.swift in Sources */,
				1AC26F5C2464125E003B024B /* ContentView.swift in Sources */,
			);
			runOnlyForDeploymentPostprocessing = 0;
		};
/* End PBXSourcesBuildPhase section */

/* Begin PBXVariantGroup section */
		1AC26F6224641262003B024B /* LaunchScreen.storyboard */ = {
			isa = PBXVariantGroup;
			children = (
				1AC26F6324641262003B024B /* Base */,
			);
			name = LaunchScreen.storyboard;
			sourceTree = "<group>";
		};
/* End PBXVariantGroup section */

/* Begin XCBuildConfiguration section */
		1AC26F6624641262003B024B /* Debug */ = {
			isa = XCBuildConfiguration;
			buildSettings = {
				ALWAYS_SEARCH_USER_PATHS = NO;
				CLANG_ANALYZER_NONNULL = YES;
				CLANG_ANALYZER_NUMBER_OBJECT_CONVERSION = YES_AGGRESSIVE;
				CLANG_CXX_LANGUAGE_STANDARD = "gnu++14";
				CLANG_CXX_LIBRARY = "libc++";
				CLANG_ENABLE_MODULES = YES;
				CLANG_ENABLE_OBJC_ARC = YES;
				CLANG_ENABLE_OBJC_WEAK = YES;
				CLANG_WARN_BLOCK_CAPTURE_AUTORELEASING = YES;
				CLANG_WARN_BOOL_CONVERSION = YES;
				CLANG_WARN_COMMA = YES;
				CLANG_WARN_CONSTANT_CONVERSION = YES;
				CLANG_WARN_DEPRECATED_OBJC_IMPLEMENTATIONS = YES;
				CLANG_WARN_DIRECT_OBJC_ISA_USAGE = YES_ERROR;
				CLANG_WARN_DOCUMENTATION_COMMENTS = YES;
				CLANG_WARN_EMPTY_BODY = YES;
				CLANG_WARN_ENUM_CONVERSION = YES;
				CLANG_WARN_INFINITE_RECURSION = YES;
				CLANG_WARN_INT_CONVERSION = YES;
				CLANG_WARN_NON_LITERAL_NULL_CONVERSION = YES;
				CLANG_WARN_OBJC_IMPLICIT_RETAIN_SELF = YES;
				CLANG_WARN_OBJC_LITERAL_CONVERSION = YES;
				CLANG_WARN_OBJC_ROOT_CLASS = YES_ERROR;
				CLANG_WARN_RANGE_LOOP_ANALYSIS = YES;
				CLANG_WARN_STRICT_PROTOTYPES = YES;
				CLANG_WARN_SUSPICIOUS_MOVE = YES;
				CLANG_WARN_UNGUARDED_AVAILABILITY = YES_AGGRESSIVE;
				CLANG_WARN_UNREACHABLE_CODE = YES;
				CLANG_WARN__DUPLICATE_METHOD_MATCH = YES;
				COPY_PHASE_STRIP = NO;
				DEBUG_INFORMATION_FORMAT = dwarf;
				ENABLE_STRICT_OBJC_MSGSEND = YES;
				ENABLE_TESTABILITY = YES;
				GCC_C_LANGUAGE_STANDARD = gnu11;
				GCC_DYNAMIC_NO_PIC = NO;
				GCC_NO_COMMON_BLOCKS = YES;
				GCC_OPTIMIZATION_LEVEL = 0;
				GCC_PREPROCESSOR_DEFINITIONS = (
					"DEBUG=1",
					"$(inherited)",
				);
				GCC_WARN_64_TO_32_BIT_CONVERSION = YES;
				GCC_WARN_ABOUT_RETURN_TYPE = YES_ERROR;
				GCC_WARN_UNDECLARED_SELECTOR = YES;
				GCC_WARN_UNINITIALIZED_AUTOS = YES_AGGRESSIVE;
				GCC_WARN_UNUSED_FUNCTION = YES;
				GCC_WARN_UNUSED_VARIABLE = YES;
				IPHONEOS_DEPLOYMENT_TARGET = 13.2;
				MTL_ENABLE_DEBUG_INFO = INCLUDE_SOURCE;
				MTL_FAST_MATH = YES;
				ONLY_ACTIVE_ARCH = YES;
				SDKROOT = iphoneos;
				SWIFT_ACTIVE_COMPILATION_CONDITIONS = DEBUG;
				SWIFT_OPTIMIZATION_LEVEL = "-Onone";
			};
			name = Debug;
		};
		1AC26F6724641262003B024B /* Release */ = {
			isa = XCBuildConfiguration;
			buildSettings = {
				ALWAYS_SEARCH_USER_PATHS = NO;
				CLANG_ANALYZER_NONNULL = YES;
				CLANG_ANALYZER_NUMBER_OBJECT_CONVERSION = YES_AGGRESSIVE;
				CLANG_CXX_LANGUAGE_STANDARD = "gnu++14";
				CLANG_CXX_LIBRARY = "libc++";
				CLANG_ENABLE_MODULES = YES;
				CLANG_ENABLE_OBJC_ARC = YES;
				CLANG_ENABLE_OBJC_WEAK = YES;
				CLANG_WARN_BLOCK_CAPTURE_AUTORELEASING = YES;
				CLANG_WARN_BOOL_CONVERSION = YES;
				CLANG_WARN_COMMA = YES;
				CLANG_WARN_CONSTANT_CONVERSION = YES;
				CLANG_WARN_DEPRECATED_OBJC_IMPLEMENTATIONS = YES;
				CLANG_WARN_DIRECT_OBJC_ISA_USAGE = YES_ERROR;
				CLANG_WARN_DOCUMENTATION_COMMENTS = YES;
				CLANG_WARN_EMPTY_BODY = YES;
				CLANG_WARN_ENUM_CONVERSION = YES;
				CLANG_WARN_INFINITE_RECURSION = YES;
				CLANG_WARN_INT_CONVERSION = YES;
				CLANG_WARN_NON_LITERAL_NULL_CONVERSION = YES;
				CLANG_WARN_OBJC_IMPLICIT_RETAIN_SELF = YES;
				CLANG_WARN_OBJC_LITERAL_CONVERSION = YES;
				CLANG_WARN_OBJC_ROOT_CLASS = YES_ERROR;
				CLANG_WARN_RANGE_LOOP_ANALYSIS = YES;
				CLANG_WARN_STRICT_PROTOTYPES = YES;
				CLANG_WARN_SUSPICIOUS_MOVE = YES;
				CLANG_WARN_UNGUARDED_AVAILABILITY = YES_AGGRESSIVE;
				CLANG_WARN_UNREACHABLE_CODE = YES;
				CLANG_WARN__DUPLICATE_METHOD_MATCH = YES;
				COPY_PHASE_STRIP = NO;
				DEBUG_INFORMATION_FORMAT = "dwarf-with-dsym";
				ENABLE_NS_ASSERTIONS = NO;
				ENABLE_STRICT_OBJC_MSGSEND = YES;
				GCC_C_LANGUAGE_STANDARD = gnu11;
				GCC_NO_COMMON_BLOCKS = YES;
				GCC_WARN_64_TO_32_BIT_CONVERSION = YES;
				GCC_WARN_ABOUT_RETURN_TYPE = YES_ERROR;
				GCC_WARN_UNDECLARED_SELECTOR = YES;
				GCC_WARN_UNINITIALIZED_AUTOS = YES_AGGRESSIVE;
				GCC_WARN_UNUSED_FUNCTION = YES;
				GCC_WARN_UNUSED_VARIABLE = YES;
				IPHONEOS_DEPLOYMENT_TARGET = 13.2;
				MTL_ENABLE_DEBUG_INFO = NO;
				MTL_FAST_MATH = YES;
				SDKROOT = iphoneos;
				SWIFT_COMPILATION_MODE = wholemodule;
				SWIFT_OPTIMIZATION_LEVEL = "-O";
				VALIDATE_PRODUCT = YES;
			};
			name = Release;
		};
		1AC26F6924641262003B024B /* Debug */ = {
			isa = XCBuildConfiguration;
			buildSettings = {
				ASSETCATALOG_COMPILER_APPICON_NAME = AppIcon;
				CODE_SIGN_STYLE = Automatic;
				DEVELOPMENT_ASSET_PATHS = "\"avalon/Preview Content\"";
				DEVELOPMENT_TEAM = Q6A6V2T4L3;
				ENABLE_PREVIEWS = YES;
				INFOPLIST_FILE = avalon/Info.plist;
				LD_RUNPATH_SEARCH_PATHS = (
					"$(inherited)",
					"@executable_path/Frameworks",
				);
				MARKETING_VERSION = 0.1.0;
				PRODUCT_BUNDLE_IDENTIFIER = io.strawberrylemonade.avalon;
				PRODUCT_NAME = avalon;
				SWIFT_VERSION = 5.0;
				TARGETED_DEVICE_FAMILY = "1,2";
			};
			name = Debug;
		};
		1AC26F6A24641262003B024B /* Release */ = {
			isa = XCBuildConfiguration;
			buildSettings = {
				ASSETCATALOG_COMPILER_APPICON_NAME = AppIcon;
				CODE_SIGN_STYLE = Automatic;
				DEVELOPMENT_ASSET_PATHS = "\"avalon/Preview Content\"";
				DEVELOPMENT_TEAM = Q6A6V2T4L3;
				ENABLE_PREVIEWS = YES;
				INFOPLIST_FILE = avalon/Info.plist;
				LD_RUNPATH_SEARCH_PATHS = (
					"$(inherited)",
					"@executable_path/Frameworks",
				);
				MARKETING_VERSION = 0.1.0;
				PRODUCT_BUNDLE_IDENTIFIER = io.strawberrylemonade.avalon;
				PRODUCT_NAME = avalon;
				SWIFT_VERSION = 5.0;
				TARGETED_DEVICE_FAMILY = "1,2";
			};
			name = Release;
		};
/* End XCBuildConfiguration section */

/* Begin XCConfigurationList section */
		1AC26F4F2464125E003B024B /* Build configuration list for PBXProject "avalon" */ = {
			isa = XCConfigurationList;
			buildConfigurations = (
				1AC26F6624641262003B024B /* Debug */,
				1AC26F6724641262003B024B /* Release */,
			);
			defaultConfigurationIsVisible = 0;
			defaultConfigurationName = Release;
		};
		1AC26F6824641262003B024B /* Build configuration list for PBXNativeTarget "avalon" */ = {
			isa = XCConfigurationList;
			buildConfigurations = (
				1AC26F6924641262003B024B /* Debug */,
				1AC26F6A24641262003B024B /* Release */,
			);
			defaultConfigurationIsVisible = 0;
			defaultConfigurationName = Release;
		};
/* End XCConfigurationList section */

/* Begin XCRemoteSwiftPackageReference section */
		1A6CB27824671B0600068E93 /* XCRemoteSwiftPackageReference "Alamofire" */ = {
			isa = XCRemoteSwiftPackageReference;
			repositoryURL = "https://github.com/Alamofire/Alamofire.git";
			requirement = {
				kind = upToNextMajorVersion;
				minimumVersion = 5.1.0;
			};
		};
		1ACA8B6424646C6A00169882 /* XCRemoteSwiftPackageReference "socket" */ = {
			isa = XCRemoteSwiftPackageReference;
			repositoryURL = "https://github.com/socketio/socket.io-client-swift";
			requirement = {
				kind = upToNextMajorVersion;
				minimumVersion = 15.2.0;
			};
		};
		1ACA8B6724646CDB00169882 /* XCRemoteSwiftPackageReference "SwiftyRequest" */ = {
			isa = XCRemoteSwiftPackageReference;
			repositoryURL = "https://github.com/IBM-Swift/SwiftyRequest.git";
			requirement = {
				kind = upToNextMajorVersion;
				minimumVersion = 3.1.0;
			};
		};
		1ACA8B6A246473F100169882 /* XCRemoteSwiftPackageReference "promises" */ = {
			isa = XCRemoteSwiftPackageReference;
			repositoryURL = "https://github.com/google/promises.git";
			requirement = {
				kind = upToNextMajorVersion;
				minimumVersion = 1.2.8;
			};
		};
/* End XCRemoteSwiftPackageReference section */

/* Begin XCSwiftPackageProductDependency section */
		1A6CB27924671B0600068E93 /* Alamofire */ = {
			isa = XCSwiftPackageProductDependency;
			package = 1A6CB27824671B0600068E93 /* XCRemoteSwiftPackageReference "Alamofire" */;
			productName = Alamofire;
		};
		1ACA8B6524646C6A00169882 /* SocketIO */ = {
			isa = XCSwiftPackageProductDependency;
			package = 1ACA8B6424646C6A00169882 /* XCRemoteSwiftPackageReference "socket" */;
			productName = SocketIO;
		};
		1ACA8B6824646CDB00169882 /* SwiftyRequest */ = {
			isa = XCSwiftPackageProductDependency;
			package = 1ACA8B6724646CDB00169882 /* XCRemoteSwiftPackageReference "SwiftyRequest" */;
			productName = SwiftyRequest;
		};
		1ACA8B6B246473F100169882 /* Promises */ = {
			isa = XCSwiftPackageProductDependency;
			package = 1ACA8B6A246473F100169882 /* XCRemoteSwiftPackageReference "promises" */;
			productName = Promises;
		};
/* End XCSwiftPackageProductDependency section */
	};
	rootObject = 1AC26F4C2464125E003B024B /* Project object */;
}
